
Microsoft Visual Studio Solution File, Format Version 12.00
# Visual Studio Version 17
VisualStudioVersion = 17.11.35312.102
MinimumVisualStudioVersion = 10.0.40219.1
Project("{FAE04EC0-301F-11D3-BF4B-00C04F79EFBC}") = "MultiDatabase", "MultiDatabase\MultiDatabase.csproj", "{C03BFF75-244A-4914-92E8-296C78EB8A94}"
EndProject
Global
	GlobalSection(SolutionConfigurationPlatforms) = preSolution
		Debug|Any CPU = Debug|Any CPU
		Release|Any CPU = Release|Any CPU
	EndGlobalSection
	GlobalSection(ProjectConfigurationPlatforms) = postSolution
		{C03BFF75-244A-4914-92E8-296C78EB8A94}.Debug|Any CPU.ActiveCfg = Debug|Any CPU
		{C03BFF75-244A-4914-92E8-296C78EB8A94}.Debug|Any CPU.Build.0 = Debug|Any CPU
		{C03BFF75-244A-4914-92E8-296C78EB8A94}.Release|Any CPU.ActiveCfg = Release|Any CPU
		{C03BFF75-244A-4914-92E8-296C78EB8A94}.Release|Any CPU.Build.0 = Release|Any CPU
	EndGlobalSection
	GlobalSection(SolutionProperties) = preSolution
		HideSolutionNode = FALSE
	EndGlobalSection
	GlobalSection(ExtensibilityGlobals) = postSolution
		SolutionGuid = {FD5649A5-28E6-486D-99FC-31B474CE3ABF}
	EndGlobalSection
EndGlobal
